
Microsoft Visual Studio Solution File, Format Version 12.00
# Visual Studio Version 17
VisualStudioVersion = 17.11.35222.181
MinimumVisualStudioVersion = 10.0.40219.1
Project("{FAE04EC0-301F-11D3-BF4B-00C04F79EFBC}") = "laboratory_module_6_tasks", "laboratory_module_6_tasks\laboratory_module_6_tasks.csproj", "{C86E191A-9993-49F1-B023-A5EC4E009672}"
EndProject
Global
	GlobalSection(SolutionConfigurationPlatforms) = preSolution
		Debug|Any CPU = Debug|Any CPU
		Release|Any CPU = Release|Any CPU
	EndGlobalSection
	GlobalSection(ProjectConfigurationPlatforms) = postSolution
		{C86E191A-9993-49F1-B023-A5EC4E009672}.Debug|Any CPU.ActiveCfg = Debug|Any CPU
		{C86E191A-9993-49F1-B023-A5EC4E009672}.Debug|Any CPU.Build.0 = Debug|Any CPU
		{C86E191A-9993-49F1-B023-A5EC4E009672}.Release|Any CPU.ActiveCfg = Release|Any CPU
		{C86E191A-9993-49F1-B023-A5EC4E009672}.Release|Any CPU.Build.0 = Release|Any CPU
	EndGlobalSection
	GlobalSection(SolutionProperties) = preSolution
		HideSolutionNode = FALSE
	EndGlobalSection
	GlobalSection(ExtensibilityGlobals) = postSolution
		SolutionGuid = {3E03F9EB-80FB-4976-A227-9769C02DB594}
	EndGlobalSection
EndGlobal
